{
  "lockfile_version": "1",
  "packages": {
    "android-tools@35.0.2": {
      "last_modified": "2026-06-27T07:37:20Z",
      "resolved": "github:NixOS/nixpkgs/3d46470bb3030020f7e1361f33514854f5bfa86d#android-tools",
      "source": "devbox-search",
      "version": "35.0.2",
      "systems": {
        "aarch64-darwin": {
          "outputs": [
            {
              "name": "out",
              "path": "/nix/store/7by5kvsxrxxvzxv7gk8k0pamar4inzra-android-tools-35.0.2",
              "default": true
            }
          ],
          "store_path": "/nix/store/7by5kvsxrxxvzxv7gk8k0pamar4inzra-android-tools-35.0.2"
        },
        "aarch64-linux": {
          "outputs": [
            {
              "name": "out",
              "path": "/nix/store/yrr7150g7vca90nn3amxl4bwi5isv4kf-android-tools-35.0.2",
              "default": true
            }
          ],
          "store_path": "/nix/store/yrr7150g7vca90nn3amxl4bwi5isv4kf-android-tools-35.0.2"
        },
        "x86_64-darwin": {
          "outputs": [
            {
              "name": "out",
              "path": "/nix/store/dm7wmkywmvl4n7zkrrjms0ywcds9bs04-android-tools-35.0.2",
              "default": true
            }
          ],
          "store_path": "/nix/store/dm7wmkywmvl4n7zkrrjms0ywcds9bs04-android-tools-35.0.2"
        },
        "x86_64-linux": {
          "outputs": [
            {
              "name": "out",
              "path": "/nix/store/i2hh0lv8zir29yvcis2d6pmwaw9n35dm-android-tools-35.0.2",
              "default": true
            }
          ],
          "store_path": "/nix/store/i2hh0lv8zir29yvcis2d6pmwaw9n35dm-android-tools-35.0.2"
        }
      }
    },
    "biome@2.4.16": {
      "last_modified": "2026-06-27T07:37:20Z",
      "resolved": "github:NixOS/nixpkgs/3d46470bb3030020f7e1361f33514854f5bfa86d#biome",
      "source": "devbox-search",
      "version": "2.4.16",
      "systems": {
        "aarch64-darwin": {
          "outputs": [
            {
              "name": "out",
              "path": "/nix/store/ww5lrmlq0261h9w03y7s4glmwwp7gjgb-biome-2.4.16",
              "default": true
            }
          ],
          "store_path": "/nix/store/ww5lrmlq0261h9w03y7s4glmwwp7gjgb-biome-2.4.16"
        },
        "aarch64-linux": {
          "outputs": [
            {
              "name": "out",
              "path": "/nix/store/yn0m065dz5n7wf8h2qidr5zjblxnyw44-biome-2.4.16",
              "default": true
            }
          ],
          "store_path": "/nix/store/yn0m065dz5n7wf8h2qidr5zjblxnyw44-biome-2.4.16"
        },
        "x86_64-darwin": {
          "outputs": [
            {
              "name": "out",
              "path": "/nix/store/bj5dyklkcw875680zvv1jxgy3wly939v-biome-2.4.16",
              "default": true
            }
          ],
          "store_path": "/nix/store/bj5dyklkcw875680zvv1jxgy3wly939v-biome-2.4.16"
        },
        "x86_64-linux": {
          "outputs": [
            {
              "name": "out",
              "path": "/nix/store/635rikwwdfvvz44vpmkxsgww2j6lg57v-biome-2.4.16",
              "default": true
            }
          ],
          "store_path": "/nix/store/635rikwwdfvvz44vpmkxsgww2j6lg57v-biome-2.4.16"
        }
      }
    },
    "github:NixOS/nixpkgs/nixpkgs-unstable": {
      "last_modified": "2026-06-29T11:10:55Z",
      "resolved": "github:NixOS/nixpkgs/9c4c05a947a91dc14625265fab505fb695e93218?lastModified=1782731455"
    },
    "go-task@3.48.0": {
      "last_modified": "2026-06-27T07:37:20Z",
      "resolved": "github:NixOS/nixpkgs/3d46470bb3030020f7e1361f33514854f5bfa86d#go-task",
      "source": "devbox-search",
      "version": "3.48.0",
      "systems": {
        "aarch64-darwin": {
          "outputs": [
            {
              "name": "out",
              "path": "/nix/store/80bj596m0qh7lyh7f5cmfy6r2cif9i08-go-task-3.48.0",
              "default": true
            }
          ],
          "store_path": "/nix/store/80bj596m0qh7lyh7f5cmfy6r2cif9i08-go-task-3.48.0"
        },
        "aarch64-linux": {
          "outputs": [
            {
              "name": "out",
              "path": "/nix/store/cp9nkcbc9gpx527n258c2bglhc4b82w5-go-task-3.48.0",
              "default": true
            }
          ],
          "store_path": "/nix/store/cp9nkcbc9gpx527n258c2bglhc4b82w5-go-task-3.48.0"
        },
        "x86_64-darwin": {
          "outputs": [
            {
              "name": "out",
              "path": "/nix/store/q7mxf9b9kcphb3lxrzn4mqazb9nrvlnz-go-task-3.48.0",
              "default": true
            }
          ],
          "store_path": "/nix/store/q7mxf9b9kcphb3lxrzn4mqazb9nrvlnz-go-task-3.48.0"
        },
        "x86_64-linux": {
          "outputs": [
            {
              "name": "out",
              "path": "/nix/store/7fshm6glyd5vi331jjizidvn95lflpig-go-task-3.48.0",
              "default": true
            }
          ],
          "store_path": "/nix/store/7fshm6glyd5vi331jjizidvn95lflpig-go-task-3.48.0"
        }
      }
    },
    "web-ext@8.10.0": {
      "last_modified": "2026-06-27T07:37:20Z",
      "resolved": "github:NixOS/nixpkgs/3d46470bb3030020f7e1361f33514854f5bfa86d#web-ext",
      "source": "devbox-search",
      "version": "8.10.0",
      "systems": {
        "aarch64-darwin": {
          "outputs": [
            {
              "name": "out",
              "path": "/nix/store/gwra9hvnmbzxm03a3xh1jcbq9k4ymrin-web-ext-8.10.0",
              "default": true
            }
          ],
          "store_path": "/nix/store/gwra9hvnmbzxm03a3xh1jcbq9k4ymrin-web-ext-8.10.0"
        },
        "aarch64-linux": {
          "outputs": [
            {
              "name": "out",
              "path": "/nix/store/fi0nm87zfl2ngahgyvhjwm6swp1xn1d3-web-ext-8.10.0",
              "default": true
            }
          ],
          "store_path": "/nix/store/fi0nm87zfl2ngahgyvhjwm6swp1xn1d3-web-ext-8.10.0"
        },
        "x86_64-darwin": {
          "outputs": [
            {
              "name": "out",
              "path": "/nix/store/m4fvz7y8m0i8i1k2bbyrchi64l5h9i38-web-ext-8.10.0",
              "default": true
            }
          ],
          "store_path": "/nix/store/m4fvz7y8m0i8i1k2bbyrchi64l5h9i38-web-ext-8.10.0"
        },
        "x86_64-linux": {
          "outputs": [
            {
              "name": "out",
              "path": "/nix/store/b6fckkpd8qfa8cr1b53jz2q0ww6dyby8-web-ext-8.10.0",
              "default": true
            }
          ],
          "store_path": "/nix/store/b6fckkpd8qfa8cr1b53jz2q0ww6dyby8-web-ext-8.10.0"
        }
      }
    }
  }
}
